
Microsoft Visual Studio Solution File, Format Version 12.00
# Visual Studio Version 16
VisualStudioVersion = 16.0.29001.49
MinimumVisualStudioVersion = 10.0.40219.1
Project("{FAE04EC0-301F-11D3-BF4B-00C04F79EFBC}") = "API", "API\API.csproj", "{A83AA68E-F1E2-4D5C-B3E1-B4A782717048}"
EndProject
Global
	GlobalSection(SolutionConfigurationPlatforms) = preSolution
		Debug|Any CPU = Debug|Any CPU
		Release|Any CPU = Release|Any CPU
	EndGlobalSection
	GlobalSection(ProjectConfigurationPlatforms) = postSolution
		{A83AA68E-F1E2-4D5C-B3E1-B4A782717048}.Debug|Any CPU.ActiveCfg = Debug|Any CPU
		{A83AA68E-F1E2-4D5C-B3E1-B4A782717048}.Debug|Any CPU.Build.0 = Debug|Any CPU
		{A83AA68E-F1E2-4D5C-B3E1-B4A782717048}.Release|Any CPU.ActiveCfg = Release|Any CPU
		{A83AA68E-F1E2-4D5C-B3E1-B4A782717048}.Release|Any CPU.Build.0 = Release|Any CPU
	EndGlobalSection
	GlobalSection(SolutionProperties) = preSolution
		HideSolutionNode = FALSE
	EndGlobalSection
	GlobalSection(ExtensibilityGlobals) = postSolution
		SolutionGuid = {19A78EDF-9B10-4E38-AAC8-8378A29DBDCF}
	EndGlobalSection
EndGlobal
